{
  "requires": true,
  "lockfileVersion": 1,
  "dependencies": {
    "restic-linux": {
      "version": "0.9.61",
      "resolved": "https://registry.npmjs.org/restic-linux/-/restic-linux-0.9.61.tgz",
      "integrity": "sha512-fUwQj+JNpkwPfuhOn9YvHyLyUWeg+slTRZAkKCYN0vhBJPAxh+6X+qaWYFeXsFnocntGxXOfrSTvGZE1vFvkMQ=="
    }
  }
}
