{
  "name": "dback-dev",
  "version": "0.0.1",
  "lockfileVersion": 1,
  "requires": true,
  "dependencies": {
    "go-win": {
      "version": "1.13.8",
      "resolved": "https://registry.npmjs.org/go-win/-/go-win-1.13.8.tgz",
      "integrity": "sha512-GZm0TY0hmDneqjoAOSdOp+2403F0FJ9nsMEgUVWaFfYhgWrP79mW7M6VRVjeMC37UTBu/wARxYnOkaqQK93rRA==",
      "optional": true
    },
    "liteide-win": {
      "version": "0.36.3",
      "resolved": "https://registry.npmjs.org/liteide-win/-/liteide-win-0.36.3.tgz",
      "integrity": "sha512-aMtMf1x+9VW2h5GmPhZwPbRJPFI797i7KftVK41MVPNQw7JlkiKTxy1pE8GYwTOsJNG+VnIj+n/qBjv8cd+4KA==",
      "optional": true
    }
  }
}
