{
  "requires": true,
  "lockfileVersion": 1,
  "dependencies": {
    "golangci-lint": {
      "version": "0.0.1",
      "resolved": "https://registry.npmjs.org/golangci-lint/-/golangci-lint-0.0.1.tgz",
      "integrity": "sha512-w0W3yJZG1/b8ItHEtPmQyxwMtA9ybx8qEnmEJ9em+rAvkEE+RHFAjzUET8uwcM9lFXKrVIymzbseRBTAbgKgkg=="
    },
    "restic-linux": {
      "version": "0.9.61",
      "resolved": "https://registry.npmjs.org/restic-linux/-/restic-linux-0.9.61.tgz",
      "integrity": "sha512-fUwQj+JNpkwPfuhOn9YvHyLyUWeg+slTRZAkKCYN0vhBJPAxh+6X+qaWYFeXsFnocntGxXOfrSTvGZE1vFvkMQ=="
    }
  }
}
